# This file is automatically @generated by Cargo.
# It is not intended for manual editing.
version = 3

[[package]]
name = "rust-fn-dev"
version = "0.1.0"
dependencies = [
 "slicestring",
]

[[package]]
name = "slicestring"
version = "0.3.1"
source = "registry+https://github.com/rust-lang/crates.io-index"
checksum = "acbd8294369baae056881fe3b8d176926bd45587bcc0878f806f701a67ebc26c"
